Microsoft Visual Studio Solution File, Format Version 12.00
# Visual Studio 2012
Project("{FAE04EC0-301F-11D3-BF4B-00C04F79EFBC}") = "WirelessSun", "WirelessSun.csproj", "{ABDBC56F-474E-4805-96FD-775CBF46842B}"
EndProject
Global
	GlobalSection(SolutionConfigurationPlatforms) = preSolution
	Debug|Any CPU = Debug|Any CPU
	Release|Any CPU = Release|Any CPU
	Tools|Any CPU = Tools|Any CPU
	EndGlobalSection
	GlobalSection(ProjectConfigurationPlatforms) = postSolution
		{ABDBC56F-474E-4805-96FD-775CBF46842B}.Debug|Any CPU.ActiveCfg = Debug|Any CPU
		{ABDBC56F-474E-4805-96FD-775CBF46842B}.Debug|Any CPU.Build.0 = Debug|Any CPU
		{ABDBC56F-474E-4805-96FD-775CBF46842B}.Release|Any CPU.ActiveCfg = Release|Any CPU
		{ABDBC56F-474E-4805-96FD-775CBF46842B}.Release|Any CPU.Build.0 = Release|Any CPU
		{ABDBC56F-474E-4805-96FD-775CBF46842B}.Tools|Any CPU.ActiveCfg = Tools|Any CPU
		{ABDBC56F-474E-4805-96FD-775CBF46842B}.Tools|Any CPU.Build.0 = Tools|Any CPU
	EndGlobalSection
EndGlobal
